
Microsoft Visual Studio Solution File, Format Version 12.00
# Visual Studio Version 16
VisualStudioVersion = 16.0.29318.209
MinimumVisualStudioVersion = 10.0.40219.1
Project("{2150E333-8FDC-42A3-9474-1A3956D46DE8}") = "Sdk", "Sdk", "{2E6AD34D-DBEB-4923-BB0A-E42FDAAD8D63}"
EndProject
Project("{2150E333-8FDC-42A3-9474-1A3956D46DE8}") = "Contoso", "Contoso", "{766DD3CE-1304-4D9A-8AE7-38A7148E87D3}"
EndProject
Project("{2150E333-8FDC-42A3-9474-1A3956D46DE8}") = "Presentation", "Presentation", "{663ABCB1-FFB1-4CD8-ACA6-44457CF3D193}"
EndProject
Project("{2150E333-8FDC-42A3-9474-1A3956D46DE8}") = "Domain", "Domain", "{B5BB45FD-6421-4B44-A0BB-3417FB13C21D}"
EndProject
Project("{2150E333-8FDC-42A3-9474-1A3956D46DE8}") = "Infrastructure", "Infrastructure", "{F110F4CA-DBAB-41A1-92CE-300612852C22}"
EndProject
Project("{2150E333-8FDC-42A3-9474-1A3956D46DE8}") = "DataSource", "DataSource", "{E52CCB5F-DB7C-421E-8CF1-6B48E03D79E4}"
EndProject
Project("{9A19103F-16F7-4668-BE54-9A1E7A4F7556}") = "Contoso.Domain", "Contoso.Domain\Contoso.Domain.csproj", "{CEB8F00B-6660-4005-AB95-9B1EFA5B5456}"
EndProject
Project("{9A19103F-16F7-4668-BE54-9A1E7A4F7556}") = "Contoso.Infrastructure.Data", "Contoso.Infrastructure.Data\Contoso.Infrastructure.Data.csproj", "{18509C57-7BC5-46C4-BB85-6BCFFD7505CE}"
EndProject
Project("{9A19103F-16F7-4668-BE54-9A1E7A4F7556}") = "Contoso.DataSource", "Contoso.DataSource\Contoso.DataSource.csproj", "{6EBBB4B5-48D7-400B-80E6-B5D75C2F8B9C}"
EndProject
Project("{9A19103F-16F7-4668-BE54-9A1E7A4F7556}") = "Contoso.DataSource.SqlServer", "Contoso.DataSource.SqlServer\Contoso.DataSource.SqlServer.csproj", "{6B64D15B-55F2-4BBF-B8CE-07CC30F17CE6}"
EndProject
Project("{9A19103F-16F7-4668-BE54-9A1E7A4F7556}") = "Aksl.Concurrency", "..\..\..\Aksl.Concurrency\Aksl.Concurrency\Aksl.Concurrency.csproj", "{61372A95-0799-4CB9-A672-F128381F82D6}"
EndProject
Project("{9A19103F-16F7-4668-BE54-9A1E7A4F7556}") = "Aksl.BulkInsert", "..\..\..\Aksl.BulkInsert\Aksl.BulkInsert\Aksl.BulkInsert.csproj", "{76430B91-FE60-4072-87EB-E5382F167E21}"
EndProject
Project("{9A19103F-16F7-4668-BE54-9A1E7A4F7556}") = "Aksl.Core", "..\..\..\Aksl.Core\Aksl.Core\Aksl.Core.csproj", "{5FD24D74-4900-486D-A6E0-14708AC2E6B9}"
EndProject
Project("{9A19103F-16F7-4668-BE54-9A1E7A4F7556}") = "Aksl.Data", "..\..\..\Aksl.Data\Aksl.Data\Aksl.Data.csproj", "{0E5C3940-C973-43E6-B568-43083376D3C8}"
EndProject
Project("{9A19103F-16F7-4668-BE54-9A1E7A4F7556}") = "Aksl.Pipeline", "..\..\..\Aksl.Pipeline\Aksl.Pipeline\Aksl.Pipeline.csproj", "{B7A58321-589C-47EA-8E81-CB76856C3EA0}"
EndProject
Project("{9A19103F-16F7-4668-BE54-9A1E7A4F7556}") = "SocketSender.ConsoleApp", "SocketSender.ConsoleApp\SocketSender.ConsoleApp.csproj", "{B27DB23C-1692-4EB1-B14D-0324BDFBC20A}"
EndProject
Project("{9A19103F-16F7-4668-BE54-9A1E7A4F7556}") = "Aksl.Sockets.Client", "..\Aksl.Sockets\Aksl.Sockets.Client\Aksl.Sockets.Client.csproj", "{59AC75BE-280C-4B9F-93D4-800082D99F5E}"
EndProject
Project("{9A19103F-16F7-4668-BE54-9A1E7A4F7556}") = "Aksl.Retry", "..\..\..\Aksl.Retry\Aksl.Retry\Aksl.Retry.csproj", "{096FC87F-BEA0-402C-931C-6D00DAD04423}"
EndProject
Project("{9A19103F-16F7-4668-BE54-9A1E7A4F7556}") = "Aksl.Timing", "..\..\..\Aksl.Timing\Aksl.Timing\Aksl.Timing.csproj", "{AEEF4B0D-ABE1-450F-8A5E-D331E9623ED5}"
EndProject
Global
	GlobalSection(SolutionConfigurationPlatforms) = preSolution
		Debug|Any CPU = Debug|Any CPU
		Debug|x86 = Debug|x86
		Release|Any CPU = Release|Any CPU
		Release|x86 = Release|x86
	EndGlobalSection
	GlobalSection(ProjectConfigurationPlatforms) = postSolution
		{CEB8F00B-6660-4005-AB95-9B1EFA5B5456}.Debug|Any CPU.ActiveCfg = Debug|Any CPU
		{CEB8F00B-6660-4005-AB95-9B1EFA5B5456}.Debug|Any CPU.Build.0 = Debug|Any CPU
		{CEB8F00B-6660-4005-AB95-9B1EFA5B5456}.Debug|x86.ActiveCfg = Debug|x86
		{CEB8F00B-6660-4005-AB95-9B1EFA5B5456}.Debug|x86.Build.0 = Debug|x86
		{CEB8F00B-6660-4005-AB95-9B1EFA5B5456}.Release|Any CPU.ActiveCfg = Release|Any CPU
		{CEB8F00B-6660-4005-AB95-9B1EFA5B5456}.Release|Any CPU.Build.0 = Release|Any CPU
		{CEB8F00B-6660-4005-AB95-9B1EFA5B5456}.Release|x86.ActiveCfg = Release|x86
		{CEB8F00B-6660-4005-AB95-9B1EFA5B5456}.Release|x86.Build.0 = Release|x86
		{18509C57-7BC5-46C4-BB85-6BCFFD7505CE}.Debug|Any CPU.ActiveCfg = Debug|Any CPU
		{18509C57-7BC5-46C4-BB85-6BCFFD7505CE}.Debug|Any CPU.Build.0 = Debug|Any CPU
		{18509C57-7BC5-46C4-BB85-6BCFFD7505CE}.Debug|x86.ActiveCfg = Debug|x86
		{18509C57-7BC5-46C4-BB85-6BCFFD7505CE}.Debug|x86.Build.0 = Debug|x86
		{18509C57-7BC5-46C4-BB85-6BCFFD7505CE}.Release|Any CPU.ActiveCfg = Release|Any CPU
		{18509C57-7BC5-46C4-BB85-6BCFFD7505CE}.Release|Any CPU.Build.0 = Release|Any CPU
		{18509C57-7BC5-46C4-BB85-6BCFFD7505CE}.Release|x86.ActiveCfg = Release|x86
		{18509C57-7BC5-46C4-BB85-6BCFFD7505CE}.Release|x86.Build.0 = Release|x86
		{6EBBB4B5-48D7-400B-80E6-B5D75C2F8B9C}.Debug|Any CPU.ActiveCfg = Debug|Any CPU
		{6EBBB4B5-48D7-400B-80E6-B5D75C2F8B9C}.Debug|Any CPU.Build.0 = Debug|Any CPU
		{6EBBB4B5-48D7-400B-80E6-B5D75C2F8B9C}.Debug|x86.ActiveCfg = Debug|x86
		{6EBBB4B5-48D7-400B-80E6-B5D75C2F8B9C}.Debug|x86.Build.0 = Debug|x86
		{6EBBB4B5-48D7-400B-80E6-B5D75C2F8B9C}.Release|Any CPU.ActiveCfg = Release|Any CPU
		{6EBBB4B5-48D7-400B-80E6-B5D75C2F8B9C}.Release|Any CPU.Build.0 = Release|Any CPU
		{6EBBB4B5-48D7-400B-80E6-B5D75C2F8B9C}.Release|x86.ActiveCfg = Release|x86
		{6EBBB4B5-48D7-400B-80E6-B5D75C2F8B9C}.Release|x86.Build.0 = Release|x86
		{6B64D15B-55F2-4BBF-B8CE-07CC30F17CE6}.Debug|Any CPU.ActiveCfg = Debug|Any CPU
		{6B64D15B-55F2-4BBF-B8CE-07CC30F17CE6}.Debug|Any CPU.Build.0 = Debug|Any CPU
		{6B64D15B-55F2-4BBF-B8CE-07CC30F17CE6}.Debug|x86.ActiveCfg = Debug|x86
		{6B64D15B-55F2-4BBF-B8CE-07CC30F17CE6}.Debug|x86.Build.0 = Debug|x86
		{6B64D15B-55F2-4BBF-B8CE-07CC30F17CE6}.Release|Any CPU.ActiveCfg = Release|Any CPU
		{6B64D15B-55F2-4BBF-B8CE-07CC30F17CE6}.Release|Any CPU.Build.0 = Release|Any CPU
		{6B64D15B-55F2-4BBF-B8CE-07CC30F17CE6}.Release|x86.ActiveCfg = Release|x86
		{6B64D15B-55F2-4BBF-B8CE-07CC30F17CE6}.Release|x86.Build.0 = Release|x86
		{61372A95-0799-4CB9-A672-F128381F82D6}.Debug|Any CPU.ActiveCfg = Debug|Any CPU
		{61372A95-0799-4CB9-A672-F128381F82D6}.Debug|Any CPU.Build.0 = Debug|Any CPU
		{61372A95-0799-4CB9-A672-F128381F82D6}.Debug|x86.ActiveCfg = Debug|x86
		{61372A95-0799-4CB9-A672-F128381F82D6}.Debug|x86.Build.0 = Debug|x86
		{61372A95-0799-4CB9-A672-F128381F82D6}.Release|Any CPU.ActiveCfg = Release|Any CPU
		{61372A95-0799-4CB9-A672-F128381F82D6}.Release|Any CPU.Build.0 = Release|Any CPU
		{61372A95-0799-4CB9-A672-F128381F82D6}.Release|x86.ActiveCfg = Release|x86
		{61372A95-0799-4CB9-A672-F128381F82D6}.Release|x86.Build.0 = Release|x86
		{76430B91-FE60-4072-87EB-E5382F167E21}.Debug|Any CPU.ActiveCfg = Debug|Any CPU
		{76430B91-FE60-4072-87EB-E5382F167E21}.Debug|Any CPU.Build.0 = Debug|Any CPU
		{76430B91-FE60-4072-87EB-E5382F167E21}.Debug|x86.ActiveCfg = Debug|x86
		{76430B91-FE60-4072-87EB-E5382F167E21}.Debug|x86.Build.0 = Debug|x86
		{76430B91-FE60-4072-87EB-E5382F167E21}.Release|Any CPU.ActiveCfg = Release|Any CPU
		{76430B91-FE60-4072-87EB-E5382F167E21}.Release|Any CPU.Build.0 = Release|Any CPU
		{76430B91-FE60-4072-87EB-E5382F167E21}.Release|x86.ActiveCfg = Release|x86
		{76430B91-FE60-4072-87EB-E5382F167E21}.Release|x86.Build.0 = Release|x86
		{5FD24D74-4900-486D-A6E0-14708AC2E6B9}.Debug|Any CPU.ActiveCfg = Debug|Any CPU
		{5FD24D74-4900-486D-A6E0-14708AC2E6B9}.Debug|Any CPU.Build.0 = Debug|Any CPU
		{5FD24D74-4900-486D-A6E0-14708AC2E6B9}.Debug|x86.ActiveCfg = Debug|x86
		{5FD24D74-4900-486D-A6E0-14708AC2E6B9}.Debug|x86.Build.0 = Debug|x86
		{5FD24D74-4900-486D-A6E0-14708AC2E6B9}.Release|Any CPU.ActiveCfg = Release|Any CPU
		{5FD24D74-4900-486D-A6E0-14708AC2E6B9}.Release|Any CPU.Build.0 = Release|Any CPU
		{5FD24D74-4900-486D-A6E0-14708AC2E6B9}.Release|x86.ActiveCfg = Release|x86
		{5FD24D74-4900-486D-A6E0-14708AC2E6B9}.Release|x86.Build.0 = Release|x86
		{0E5C3940-C973-43E6-B568-43083376D3C8}.Debug|Any CPU.ActiveCfg = Debug|Any CPU
		{0E5C3940-C973-43E6-B568-43083376D3C8}.Debug|Any CPU.Build.0 = Debug|Any CPU
		{0E5C3940-C973-43E6-B568-43083376D3C8}.Debug|x86.ActiveCfg = Debug|x86
		{0E5C3940-C973-43E6-B568-43083376D3C8}.Debug|x86.Build.0 = Debug|x86
		{0E5C3940-C973-43E6-B568-43083376D3C8}.Release|Any CPU.ActiveCfg = Release|Any CPU
		{0E5C3940-C973-43E6-B568-43083376D3C8}.Release|Any CPU.Build.0 = Release|Any CPU
		{0E5C3940-C973-43E6-B568-43083376D3C8}.Release|x86.ActiveCfg = Release|x86
		{0E5C3940-C973-43E6-B568-43083376D3C8}.Release|x86.Build.0 = Release|x86
		{B7A58321-589C-47EA-8E81-CB76856C3EA0}.Debug|Any CPU.ActiveCfg = Debug|Any CPU
		{B7A58321-589C-47EA-8E81-CB76856C3EA0}.Debug|Any CPU.Build.0 = Debug|Any CPU
		{B7A58321-589C-47EA-8E81-CB76856C3EA0}.Debug|x86.ActiveCfg = Debug|x86
		{B7A58321-589C-47EA-8E81-CB76856C3EA0}.Debug|x86.Build.0 = Debug|x86
		{B7A58321-589C-47EA-8E81-CB76856C3EA0}.Release|Any CPU.ActiveCfg = Release|Any CPU
		{B7A58321-589C-47EA-8E81-CB76856C3EA0}.Release|Any CPU.Build.0 = Release|Any CPU
		{B7A58321-589C-47EA-8E81-CB76856C3EA0}.Release|x86.ActiveCfg = Release|x86
		{B7A58321-589C-47EA-8E81-CB76856C3EA0}.Release|x86.Build.0 = Release|x86
		{B27DB23C-1692-4EB1-B14D-0324BDFBC20A}.Debug|Any CPU.ActiveCfg = Debug|Any CPU
		{B27DB23C-1692-4EB1-B14D-0324BDFBC20A}.Debug|Any CPU.Build.0 = Debug|Any CPU
		{B27DB23C-1692-4EB1-B14D-0324BDFBC20A}.Debug|x86.ActiveCfg = Debug|x86
		{B27DB23C-1692-4EB1-B14D-0324BDFBC20A}.Debug|x86.Build.0 = Debug|x86
		{B27DB23C-1692-4EB1-B14D-0324BDFBC20A}.Release|Any CPU.ActiveCfg = Release|Any CPU
		{B27DB23C-1692-4EB1-B14D-0324BDFBC20A}.Release|Any CPU.Build.0 = Release|Any CPU
		{B27DB23C-1692-4EB1-B14D-0324BDFBC20A}.Release|x86.ActiveCfg = Release|x86
		{B27DB23C-1692-4EB1-B14D-0324BDFBC20A}.Release|x86.Build.0 = Release|x86
		{59AC75BE-280C-4B9F-93D4-800082D99F5E}.Debug|Any CPU.ActiveCfg = Debug|Any CPU
		{59AC75BE-280C-4B9F-93D4-800082D99F5E}.Debug|Any CPU.Build.0 = Debug|Any CPU
		{59AC75BE-280C-4B9F-93D4-800082D99F5E}.Debug|x86.ActiveCfg = Debug|x86
		{59AC75BE-280C-4B9F-93D4-800082D99F5E}.Debug|x86.Build.0 = Debug|x86
		{59AC75BE-280C-4B9F-93D4-800082D99F5E}.Release|Any CPU.ActiveCfg = Release|Any CPU
		{59AC75BE-280C-4B9F-93D4-800082D99F5E}.Release|Any CPU.Build.0 = Release|Any CPU
		{59AC75BE-280C-4B9F-93D4-800082D99F5E}.Release|x86.ActiveCfg = Release|x86
		{59AC75BE-280C-4B9F-93D4-800082D99F5E}.Release|x86.Build.0 = Release|x86
		{096FC87F-BEA0-402C-931C-6D00DAD04423}.Debug|Any CPU.ActiveCfg = Debug|Any CPU
		{096FC87F-BEA0-402C-931C-6D00DAD04423}.Debug|Any CPU.Build.0 = Debug|Any CPU
		{096FC87F-BEA0-402C-931C-6D00DAD04423}.Debug|x86.ActiveCfg = Debug|Any CPU
		{096FC87F-BEA0-402C-931C-6D00DAD04423}.Debug|x86.Build.0 = Debug|Any CPU
		{096FC87F-BEA0-402C-931C-6D00DAD04423}.Release|Any CPU.ActiveCfg = Release|Any CPU
		{096FC87F-BEA0-402C-931C-6D00DAD04423}.Release|Any CPU.Build.0 = Release|Any CPU
		{096FC87F-BEA0-402C-931C-6D00DAD04423}.Release|x86.ActiveCfg = Release|Any CPU
		{096FC87F-BEA0-402C-931C-6D00DAD04423}.Release|x86.Build.0 = Release|Any CPU
		{AEEF4B0D-ABE1-450F-8A5E-D331E9623ED5}.Debug|Any CPU.ActiveCfg = Debug|Any CPU
		{AEEF4B0D-ABE1-450F-8A5E-D331E9623ED5}.Debug|Any CPU.Build.0 = Debug|Any CPU
		{AEEF4B0D-ABE1-450F-8A5E-D331E9623ED5}.Debug|x86.ActiveCfg = Debug|Any CPU
		{AEEF4B0D-ABE1-450F-8A5E-D331E9623ED5}.Debug|x86.Build.0 = Debug|Any CPU
		{AEEF4B0D-ABE1-450F-8A5E-D331E9623ED5}.Release|Any CPU.ActiveCfg = Release|Any CPU
		{AEEF4B0D-ABE1-450F-8A5E-D331E9623ED5}.Release|Any CPU.Build.0 = Release|Any CPU
		{AEEF4B0D-ABE1-450F-8A5E-D331E9623ED5}.Release|x86.ActiveCfg = Release|Any CPU
		{AEEF4B0D-ABE1-450F-8A5E-D331E9623ED5}.Release|x86.Build.0 = Release|Any CPU
	EndGlobalSection
	GlobalSection(SolutionProperties) = preSolution
		HideSolutionNode = FALSE
	EndGlobalSection
	GlobalSection(NestedProjects) = preSolution
		{663ABCB1-FFB1-4CD8-ACA6-44457CF3D193} = {766DD3CE-1304-4D9A-8AE7-38A7148E87D3}
		{B5BB45FD-6421-4B44-A0BB-3417FB13C21D} = {766DD3CE-1304-4D9A-8AE7-38A7148E87D3}
		{F110F4CA-DBAB-41A1-92CE-300612852C22} = {766DD3CE-1304-4D9A-8AE7-38A7148E87D3}
		{E52CCB5F-DB7C-421E-8CF1-6B48E03D79E4} = {766DD3CE-1304-4D9A-8AE7-38A7148E87D3}
		{CEB8F00B-6660-4005-AB95-9B1EFA5B5456} = {B5BB45FD-6421-4B44-A0BB-3417FB13C21D}
		{18509C57-7BC5-46C4-BB85-6BCFFD7505CE} = {F110F4CA-DBAB-41A1-92CE-300612852C22}
		{6EBBB4B5-48D7-400B-80E6-B5D75C2F8B9C} = {E52CCB5F-DB7C-421E-8CF1-6B48E03D79E4}
		{6B64D15B-55F2-4BBF-B8CE-07CC30F17CE6} = {E52CCB5F-DB7C-421E-8CF1-6B48E03D79E4}
		{61372A95-0799-4CB9-A672-F128381F82D6} = {2E6AD34D-DBEB-4923-BB0A-E42FDAAD8D63}
		{76430B91-FE60-4072-87EB-E5382F167E21} = {2E6AD34D-DBEB-4923-BB0A-E42FDAAD8D63}
		{5FD24D74-4900-486D-A6E0-14708AC2E6B9} = {2E6AD34D-DBEB-4923-BB0A-E42FDAAD8D63}
		{0E5C3940-C973-43E6-B568-43083376D3C8} = {2E6AD34D-DBEB-4923-BB0A-E42FDAAD8D63}
		{B7A58321-589C-47EA-8E81-CB76856C3EA0} = {2E6AD34D-DBEB-4923-BB0A-E42FDAAD8D63}
		{B27DB23C-1692-4EB1-B14D-0324BDFBC20A} = {663ABCB1-FFB1-4CD8-ACA6-44457CF3D193}
		{59AC75BE-280C-4B9F-93D4-800082D99F5E} = {2E6AD34D-DBEB-4923-BB0A-E42FDAAD8D63}
		{096FC87F-BEA0-402C-931C-6D00DAD04423} = {2E6AD34D-DBEB-4923-BB0A-E42FDAAD8D63}
		{AEEF4B0D-ABE1-450F-8A5E-D331E9623ED5} = {2E6AD34D-DBEB-4923-BB0A-E42FDAAD8D63}
	EndGlobalSection
	GlobalSection(ExtensibilityGlobals) = postSolution
		SolutionGuid = {2DB8D4B5-E3AB-4ADF-B1DD-11C9878248D2}
	EndGlobalSection
EndGlobal
