
Microsoft Visual Studio Solution File, Format Version 12.00
# Visual Studio Version 16
VisualStudioVersion = 16.0.28729.10
MinimumVisualStudioVersion = 10.0.40219.1
Project("{2150E333-8FDC-42A3-9474-1A3956D46DE8}") = "Toolkits", "Toolkits", "{8B68315F-10BA-4E2B-AF2E-312DCD160766}"
EndProject
Project("{2150E333-8FDC-42A3-9474-1A3956D46DE8}") = "Common", "Common", "{81389446-0175-4050-B3DB-88E93C7E078C}"
EndProject
Project("{2150E333-8FDC-42A3-9474-1A3956D46DE8}") = "Modules", "Modules", "{4A762C57-26E8-49A3-BD83-CA0911C96AE4}"
EndProject
Project("{2150E333-8FDC-42A3-9474-1A3956D46DE8}") = "Presentation", "Presentation", "{D4AEF1DC-1030-447B-817D-F5E49C801EFF}"
EndProject
Project("{9A19103F-16F7-4668-BE54-9A1E7A4F7556}") = "HomeUI", "Modules\HomeUI\HomeUI.csproj", "{E9AAFC5C-B9BC-4A71-9393-67FD19F2A43A}"
EndProject
Project("{9A19103F-16F7-4668-BE54-9A1E7A4F7556}") = "MenuUI", "Modules\MenuView\MenuUI.csproj", "{16EBB7F0-DB62-4E36-8134-B94DF6B0A716}"
EndProject
Project("{9A19103F-16F7-4668-BE54-9A1E7A4F7556}") = "TreeUI", "Modules\TreeView\TreeUI.csproj", "{70395280-904A-41E2-93D1-908ADE1D702B}"
EndProject
Project("{9A19103F-16F7-4668-BE54-9A1E7A4F7556}") = "Contoso.Infrastructure", "..\Infrastructure\Contoso.Infrastructure\Contoso.Infrastructure.csproj", "{627B7AAB-AA13-4646-8181-B22DB057C41B}"
EndProject
Project("{9A19103F-16F7-4668-BE54-9A1E7A4F7556}") = "Contoso.Wpf.Unity", "Contoso.Wpf.Unity\Contoso.Wpf.Unity.csproj", "{88F7F7FB-E2C6-41AC-B8C0-0FE9EC7A0192}"
EndProject
Project("{2150E333-8FDC-42A3-9474-1A3956D46DE8}") = "Prism Library", "Prism Library", "{15CF1FE1-D78E-4E3D-A9F8-FA0FCC56A83A}"
EndProject
Project("{9A19103F-16F7-4668-BE54-9A1E7A4F7556}") = "Prism", "..\Toolkits\Prism Library\Prism\Prism.csproj", "{3E6F5B9E-3CB2-4A72-9338-80E8C6AFD863}"
EndProject
Project("{9A19103F-16F7-4668-BE54-9A1E7A4F7556}") = "Prism.Wpf", "..\Toolkits\Prism Library\Prism.Wpf\Prism.Wpf.csproj", "{6A60A2C1-92C4-4C6E-9883-928D8D308678}"
EndProject
Project("{9A19103F-16F7-4668-BE54-9A1E7A4F7556}") = "Prism.Unity.Wpf", "..\Toolkits\Prism Library\Prism.Unity.Wpf\Prism.Unity.Wpf.csproj", "{2ED63CA2-6C42-40DD-AF17-9C990E75A530}"
EndProject
Project("{9A19103F-16F7-4668-BE54-9A1E7A4F7556}") = "Customer", "Modules\Customer\Customer.csproj", "{141096CD-4B12-411D-8CB2-440BA0F812FE}"
EndProject
Project("{FAE04EC0-301F-11D3-BF4B-00C04F79EFBC}") = "Aksl.Toolkit", "..\..\..\Aksl.Toolkit\Aksl.Toolkit.csproj", "{4E7EB7D2-1FC6-4B7B-8327-0717CE435E65}"
EndProject
Global
	GlobalSection(SolutionConfigurationPlatforms) = preSolution
		Debug|Any CPU = Debug|Any CPU
		Release|Any CPU = Release|Any CPU
	EndGlobalSection
	GlobalSection(ProjectConfigurationPlatforms) = postSolution
		{E9AAFC5C-B9BC-4A71-9393-67FD19F2A43A}.Debug|Any CPU.ActiveCfg = Debug|Any CPU
		{E9AAFC5C-B9BC-4A71-9393-67FD19F2A43A}.Debug|Any CPU.Build.0 = Debug|Any CPU
		{E9AAFC5C-B9BC-4A71-9393-67FD19F2A43A}.Release|Any CPU.ActiveCfg = Release|Any CPU
		{E9AAFC5C-B9BC-4A71-9393-67FD19F2A43A}.Release|Any CPU.Build.0 = Release|Any CPU
		{16EBB7F0-DB62-4E36-8134-B94DF6B0A716}.Debug|Any CPU.ActiveCfg = Debug|Any CPU
		{16EBB7F0-DB62-4E36-8134-B94DF6B0A716}.Debug|Any CPU.Build.0 = Debug|Any CPU
		{16EBB7F0-DB62-4E36-8134-B94DF6B0A716}.Release|Any CPU.ActiveCfg = Release|Any CPU
		{16EBB7F0-DB62-4E36-8134-B94DF6B0A716}.Release|Any CPU.Build.0 = Release|Any CPU
		{70395280-904A-41E2-93D1-908ADE1D702B}.Debug|Any CPU.ActiveCfg = Debug|Any CPU
		{70395280-904A-41E2-93D1-908ADE1D702B}.Debug|Any CPU.Build.0 = Debug|Any CPU
		{70395280-904A-41E2-93D1-908ADE1D702B}.Release|Any CPU.ActiveCfg = Release|Any CPU
		{70395280-904A-41E2-93D1-908ADE1D702B}.Release|Any CPU.Build.0 = Release|Any CPU
		{627B7AAB-AA13-4646-8181-B22DB057C41B}.Debug|Any CPU.ActiveCfg = Debug|Any CPU
		{627B7AAB-AA13-4646-8181-B22DB057C41B}.Debug|Any CPU.Build.0 = Debug|Any CPU
		{627B7AAB-AA13-4646-8181-B22DB057C41B}.Release|Any CPU.ActiveCfg = Release|Any CPU
		{627B7AAB-AA13-4646-8181-B22DB057C41B}.Release|Any CPU.Build.0 = Release|Any CPU
		{88F7F7FB-E2C6-41AC-B8C0-0FE9EC7A0192}.Debug|Any CPU.ActiveCfg = Debug|Any CPU
		{88F7F7FB-E2C6-41AC-B8C0-0FE9EC7A0192}.Debug|Any CPU.Build.0 = Debug|Any CPU
		{88F7F7FB-E2C6-41AC-B8C0-0FE9EC7A0192}.Release|Any CPU.ActiveCfg = Release|Any CPU
		{88F7F7FB-E2C6-41AC-B8C0-0FE9EC7A0192}.Release|Any CPU.Build.0 = Release|Any CPU
		{3E6F5B9E-3CB2-4A72-9338-80E8C6AFD863}.Debug|Any CPU.ActiveCfg = Debug|Any CPU
		{3E6F5B9E-3CB2-4A72-9338-80E8C6AFD863}.Debug|Any CPU.Build.0 = Debug|Any CPU
		{3E6F5B9E-3CB2-4A72-9338-80E8C6AFD863}.Release|Any CPU.ActiveCfg = Release|Any CPU
		{3E6F5B9E-3CB2-4A72-9338-80E8C6AFD863}.Release|Any CPU.Build.0 = Release|Any CPU
		{6A60A2C1-92C4-4C6E-9883-928D8D308678}.Debug|Any CPU.ActiveCfg = Debug|Any CPU
		{6A60A2C1-92C4-4C6E-9883-928D8D308678}.Debug|Any CPU.Build.0 = Debug|Any CPU
		{6A60A2C1-92C4-4C6E-9883-928D8D308678}.Release|Any CPU.ActiveCfg = Release|Any CPU
		{6A60A2C1-92C4-4C6E-9883-928D8D308678}.Release|Any CPU.Build.0 = Release|Any CPU
		{2ED63CA2-6C42-40DD-AF17-9C990E75A530}.Debug|Any CPU.ActiveCfg = Debug|Any CPU
		{2ED63CA2-6C42-40DD-AF17-9C990E75A530}.Debug|Any CPU.Build.0 = Debug|Any CPU
		{2ED63CA2-6C42-40DD-AF17-9C990E75A530}.Release|Any CPU.ActiveCfg = Release|Any CPU
		{2ED63CA2-6C42-40DD-AF17-9C990E75A530}.Release|Any CPU.Build.0 = Release|Any CPU
		{141096CD-4B12-411D-8CB2-440BA0F812FE}.Debug|Any CPU.ActiveCfg = Debug|Any CPU
		{141096CD-4B12-411D-8CB2-440BA0F812FE}.Debug|Any CPU.Build.0 = Debug|Any CPU
		{141096CD-4B12-411D-8CB2-440BA0F812FE}.Release|Any CPU.ActiveCfg = Release|Any CPU
		{141096CD-4B12-411D-8CB2-440BA0F812FE}.Release|Any CPU.Build.0 = Release|Any CPU
		{4E7EB7D2-1FC6-4B7B-8327-0717CE435E65}.Debug|Any CPU.ActiveCfg = Debug|Any CPU
		{4E7EB7D2-1FC6-4B7B-8327-0717CE435E65}.Debug|Any CPU.Build.0 = Debug|Any CPU
		{4E7EB7D2-1FC6-4B7B-8327-0717CE435E65}.Release|Any CPU.ActiveCfg = Release|Any CPU
		{4E7EB7D2-1FC6-4B7B-8327-0717CE435E65}.Release|Any CPU.Build.0 = Release|Any CPU
	EndGlobalSection
	GlobalSection(SolutionProperties) = preSolution
		HideSolutionNode = FALSE
	EndGlobalSection
	GlobalSection(NestedProjects) = preSolution
		{4A762C57-26E8-49A3-BD83-CA0911C96AE4} = {D4AEF1DC-1030-447B-817D-F5E49C801EFF}
		{E9AAFC5C-B9BC-4A71-9393-67FD19F2A43A} = {4A762C57-26E8-49A3-BD83-CA0911C96AE4}
		{16EBB7F0-DB62-4E36-8134-B94DF6B0A716} = {4A762C57-26E8-49A3-BD83-CA0911C96AE4}
		{70395280-904A-41E2-93D1-908ADE1D702B} = {4A762C57-26E8-49A3-BD83-CA0911C96AE4}
		{627B7AAB-AA13-4646-8181-B22DB057C41B} = {81389446-0175-4050-B3DB-88E93C7E078C}
		{88F7F7FB-E2C6-41AC-B8C0-0FE9EC7A0192} = {D4AEF1DC-1030-447B-817D-F5E49C801EFF}
		{15CF1FE1-D78E-4E3D-A9F8-FA0FCC56A83A} = {8B68315F-10BA-4E2B-AF2E-312DCD160766}
		{3E6F5B9E-3CB2-4A72-9338-80E8C6AFD863} = {15CF1FE1-D78E-4E3D-A9F8-FA0FCC56A83A}
		{6A60A2C1-92C4-4C6E-9883-928D8D308678} = {15CF1FE1-D78E-4E3D-A9F8-FA0FCC56A83A}
		{2ED63CA2-6C42-40DD-AF17-9C990E75A530} = {15CF1FE1-D78E-4E3D-A9F8-FA0FCC56A83A}
		{141096CD-4B12-411D-8CB2-440BA0F812FE} = {4A762C57-26E8-49A3-BD83-CA0911C96AE4}
		{4E7EB7D2-1FC6-4B7B-8327-0717CE435E65} = {8B68315F-10BA-4E2B-AF2E-312DCD160766}
	EndGlobalSection
	GlobalSection(ExtensibilityGlobals) = postSolution
		SolutionGuid = {D877B086-37FD-4AA5-8AB3-CF7E87E27425}
	EndGlobalSection
EndGlobal
